github.com/Wathis/go-library-test v0.0.0-20191024134443-9bbace9e0854 h1:47DEQpj8HBSa+/TImW+5JCeuQeRkm5NMpJWZG3hSuFU=
github.com/Wathis/go-library-test/common v0.0.0-20191024134443-9bbace9e0854 h1:sidRiJh+QTiIiGEM+FezqCJA8I15vr9uiC1sasleiSY=
github.com/Wathis/go-library-test/common v0.0.0-20191024134443-9bbace9e0854/go.mod h1:AM1/8fkFQyq0DiutJhrIMhUZpWZVjETe4Okpqa7Pmuc=
